
Microsoft Visual Studio Solution File, Format Version 12.00
# Visual Studio Version 16
VisualStudioVersion = 16.0.30011.22
MinimumVisualStudioVersion = 10.0.40219.1
Project("{FAE04EC0-301F-11D3-BF4B-00C04F79EFBC}") = "Main", "Main\Main.csproj", "{8EC61F75-4130-449E-9B90-A2D7CEF2FDEC}"
EndProject
Project("{FAE04EC0-301F-11D3-BF4B-00C04F79EFBC}") = "GameGeek.BL", "GameGeek.BL\GameGeek.BL.csproj", "{0742E7FF-E8D1-4BCF-838B-26C421098892}"
EndProject
Project("{FAE04EC0-301F-11D3-BF4B-00C04F79EFBC}") = "MSTestGameGeek.BL", "MSTestGameGeek.BL\MSTestGameGeek.BL.csproj", "{D6E7A9D8-1ACE-459A-A5DF-D5EDE13285AB}"
EndProject
Global
	GlobalSection(SolutionConfigurationPlatforms) = preSolution
		Debug|Any CPU = Debug|Any CPU
		Release|Any CPU = Release|Any CPU
	EndGlobalSection
	GlobalSection(ProjectConfigurationPlatforms) = postSolution
		{8EC61F75-4130-449E-9B90-A2D7CEF2FDEC}.Debug|Any CPU.ActiveCfg = Debug|Any CPU
		{8EC61F75-4130-449E-9B90-A2D7CEF2FDEC}.Debug|Any CPU.Build.0 = Debug|Any CPU
		{8EC61F75-4130-449E-9B90-A2D7CEF2FDEC}.Release|Any CPU.ActiveCfg = Release|Any CPU
		{8EC61F75-4130-449E-9B90-A2D7CEF2FDEC}.Release|Any CPU.Build.0 = Release|Any CPU
		{0742E7FF-E8D1-4BCF-838B-26C421098892}.Debug|Any CPU.ActiveCfg = Debug|Any CPU
		{0742E7FF-E8D1-4BCF-838B-26C421098892}.Debug|Any CPU.Build.0 = Debug|Any CPU
		{0742E7FF-E8D1-4BCF-838B-26C421098892}.Release|Any CPU.ActiveCfg = Release|Any CPU
		{0742E7FF-E8D1-4BCF-838B-26C421098892}.Release|Any CPU.Build.0 = Release|Any CPU
		{D6E7A9D8-1ACE-459A-A5DF-D5EDE13285AB}.Debug|Any CPU.ActiveCfg = Debug|Any CPU
		{D6E7A9D8-1ACE-459A-A5DF-D5EDE13285AB}.Debug|Any CPU.Build.0 = Debug|Any CPU
		{D6E7A9D8-1ACE-459A-A5DF-D5EDE13285AB}.Release|Any CPU.ActiveCfg = Release|Any CPU
		{D6E7A9D8-1ACE-459A-A5DF-D5EDE13285AB}.Release|Any CPU.Build.0 = Release|Any CPU
	EndGlobalSection
	GlobalSection(SolutionProperties) = preSolution
		HideSolutionNode = FALSE
	EndGlobalSection
	GlobalSection(ExtensibilityGlobals) = postSolution
		SolutionGuid = {17BBE7C5-D05A-48E7-AB09-36C7EE85AC9C}
	EndGlobalSection
EndGlobal
